{
  "name": "config",
  "lockfileVersion": 2,
  "requires": true,
  "packages": {
    "": {
      "dependencies": {
        "discord-anti-spam": "^2.5.1"
      }
    },
    "node_modules/discord-anti-spam": {
      "version": "2.5.1",
      "resolved": "https://registry.npmjs.org/discord-anti-spam/-/discord-anti-spam-2.5.1.tgz",
      "integrity": "sha512-wIoGgjlTeP7NC1CBQVqDn1yrjKJdaaDHRROSL8C0xpCQZt/o8ba0c7zOHFHxQV5/eNR24KBVmmSHtc8MH7QBIQ=="
    }
  },
  "dependencies": {
    "discord-anti-spam": {
      "version": "2.5.1",
      "resolved": "https://registry.npmjs.org/discord-anti-spam/-/discord-anti-spam-2.5.1.tgz",
      "integrity": "sha512-wIoGgjlTeP7NC1CBQVqDn1yrjKJdaaDHRROSL8C0xpCQZt/o8ba0c7zOHFHxQV5/eNR24KBVmmSHtc8MH7QBIQ=="
    }
  }
}
